
Microsoft Visual Studio Solution File, Format Version 12.00
# Visual Studio Version 17
VisualStudioVersion = 17.1.32104.313
MinimumVisualStudioVersion = 10.0.40219.1
Project("{9A19103F-16F7-4668-BE54-9A1E7A4F7556}") = "PnP.Scanning.Core", "PnP.Scanning.Core\PnP.Scanning.Core.csproj", "{C73CF917-5510-4904-B656-811BD8FCD258}"
EndProject
Project("{9A19103F-16F7-4668-BE54-9A1E7A4F7556}") = "PnP.Scanning.Process", "PnP.Scanning.Process\PnP.Scanning.Process.csproj", "{E14B3C26-A031-4FA7-B3AD-5C926B543682}"
EndProject
Project("{2150E333-8FDC-42A3-9474-1A3956D46DE8}") = "Test", "Test", "{C99B5E45-EC64-4C78-AF6E-579F38D681D9}"
	ProjectSection(SolutionItems) = preProject
		Resources.txt = Resources.txt
		scanner runs.txt = scanner runs.txt
		sites.txt = sites.txt
		sitesmultigeo.txt = sitesmultigeo.txt
	EndProjectSection
EndProject
Project("{9A19103F-16F7-4668-BE54-9A1E7A4F7556}") = "PnP.Core", "..\..\..\pnpcore\src\sdk\PnP.Core\PnP.Core.csproj", "{51EF8827-8551-449E-AC38-029891A6F0B0}"
EndProject
Project("{9A19103F-16F7-4668-BE54-9A1E7A4F7556}") = "PnP.Core.Auth", "..\..\..\pnpcore\src\sdk\PnP.Core.Auth\PnP.Core.Auth.csproj", "{11B19D66-BCF5-4B90-80AD-712CDF388AD5}"
EndProject
Project("{9A19103F-16F7-4668-BE54-9A1E7A4F7556}") = "PnP.Core.Admin", "..\..\..\pnpcore\src\sdk\PnP.Core.Admin\PnP.Core.Admin.csproj", "{DB633B31-7522-4A43-A44F-7388EE470605}"
EndProject
Global
	GlobalSection(SolutionConfigurationPlatforms) = preSolution
		Debug|Any CPU = Debug|Any CPU
		Release|Any CPU = Release|Any CPU
	EndGlobalSection
	GlobalSection(ProjectConfigurationPlatforms) = postSolution
		{C73CF917-5510-4904-B656-811BD8FCD258}.Debug|Any CPU.ActiveCfg = Debug|Any CPU
		{C73CF917-5510-4904-B656-811BD8FCD258}.Debug|Any CPU.Build.0 = Debug|Any CPU
		{C73CF917-5510-4904-B656-811BD8FCD258}.Release|Any CPU.ActiveCfg = Release|Any CPU
		{C73CF917-5510-4904-B656-811BD8FCD258}.Release|Any CPU.Build.0 = Release|Any CPU
		{E14B3C26-A031-4FA7-B3AD-5C926B543682}.Debug|Any CPU.ActiveCfg = Debug|Any CPU
		{E14B3C26-A031-4FA7-B3AD-5C926B543682}.Debug|Any CPU.Build.0 = Debug|Any CPU
		{E14B3C26-A031-4FA7-B3AD-5C926B543682}.Release|Any CPU.ActiveCfg = Release|Any CPU
		{E14B3C26-A031-4FA7-B3AD-5C926B543682}.Release|Any CPU.Build.0 = Release|Any CPU
		{51EF8827-8551-449E-AC38-029891A6F0B0}.Debug|Any CPU.ActiveCfg = Debug|Any CPU
		{51EF8827-8551-449E-AC38-029891A6F0B0}.Debug|Any CPU.Build.0 = Debug|Any CPU
		{51EF8827-8551-449E-AC38-029891A6F0B0}.Release|Any CPU.ActiveCfg = Release|Any CPU
		{51EF8827-8551-449E-AC38-029891A6F0B0}.Release|Any CPU.Build.0 = Release|Any CPU
		{11B19D66-BCF5-4B90-80AD-712CDF388AD5}.Debug|Any CPU.ActiveCfg = Debug|Any CPU
		{11B19D66-BCF5-4B90-80AD-712CDF388AD5}.Debug|Any CPU.Build.0 = Debug|Any CPU
		{11B19D66-BCF5-4B90-80AD-712CDF388AD5}.Release|Any CPU.ActiveCfg = Release|Any CPU
		{11B19D66-BCF5-4B90-80AD-712CDF388AD5}.Release|Any CPU.Build.0 = Release|Any CPU
		{DB633B31-7522-4A43-A44F-7388EE470605}.Debug|Any CPU.ActiveCfg = Debug|Any CPU
		{DB633B31-7522-4A43-A44F-7388EE470605}.Debug|Any CPU.Build.0 = Debug|Any CPU
		{DB633B31-7522-4A43-A44F-7388EE470605}.Release|Any CPU.ActiveCfg = Release|Any CPU
		{DB633B31-7522-4A43-A44F-7388EE470605}.Release|Any CPU.Build.0 = Release|Any CPU
	EndGlobalSection
	GlobalSection(SolutionProperties) = preSolution
		HideSolutionNode = FALSE
	EndGlobalSection
	GlobalSection(ExtensibilityGlobals) = postSolution
		SolutionGuid = {271C2FAD-636C-429C-B0D2-CB3908669D87}
	EndGlobalSection
EndGlobal
